
Microsoft Visual Studio Solution File, Format Version 12.00
# Visual Studio Version 16
VisualStudioVersion = 16.0.31229.75
MinimumVisualStudioVersion = 10.0.40219.1
Project("{8BC9CEB8-8B4A-11D0-8D11-00A0C91BC942}") = "secp256k1lib", "secp256k1lib\secp256k1lib.vcxproj", "{BFF4B5FE-C2C5-4384-8941-CD6CB29E78C6}"
EndProject
Project("{8BC9CEB8-8B4A-11D0-8D11-00A0C91BC942}") = "util", "util\util.vcxproj", "{93B89BF6-32B9-4EBA-AA44-BCFEC4836B76}"
EndProject
Project("{8BC9CEB8-8B4A-11D0-8D11-00A0C91BC942}") = "AddressUtil", "AddressUtil\AddressUtil.vcxproj", "{34042455-D274-432D-9134-C9EA41FD1B54}"
EndProject
Project("{8BC9CEB8-8B4A-11D0-8D11-00A0C91BC942}") = "CryptoUtil", "CryptoUtil\CryptoUtil.vcxproj", "{CA46856A-1D1E-4F6F-A69C-6707D540BF36}"
EndProject
Project("{8BC9CEB8-8B4A-11D0-8D11-00A0C91BC942}") = "Logger", "Logger\Logger.vcxproj", "{150AF404-1F80-4A13-855B-4383C4A3326F}"
	ProjectSection(ProjectDependencies) = postProject
		{93B89BF6-32B9-4EBA-AA44-BCFEC4836B76} = {93B89BF6-32B9-4EBA-AA44-BCFEC4836B76}
	EndProjectSection
EndProject
Project("{8BC9CEB8-8B4A-11D0-8D11-00A0C91BC942}") = "KeyFinderLib", "KeyFinderLib\KeyFinderLib.vcxproj", "{53EE0C03-4419-4767-A91B-7FC7D4B3D2AA}"
	ProjectSection(ProjectDependencies) = postProject
		{150AF404-1F80-4A13-855B-4383C4A3326F} = {150AF404-1F80-4A13-855B-4383C4A3326F}
		{34042455-D274-432D-9134-C9EA41FD1B54} = {34042455-D274-432D-9134-C9EA41FD1B54}
		{93B89BF6-32B9-4EBA-AA44-BCFEC4836B76} = {93B89BF6-32B9-4EBA-AA44-BCFEC4836B76}
		{BFF4B5FE-C2C5-4384-8941-CD6CB29E78C6} = {BFF4B5FE-C2C5-4384-8941-CD6CB29E78C6}
	EndProjectSection
EndProject
Project("{8BC9CEB8-8B4A-11D0-8D11-00A0C91BC942}") = "clUtil", "clUtil\clUtil.vcxproj", "{D9A5823D-C472-40AC-B23A-21B1586CEEB0}"
	ProjectSection(ProjectDependencies) = postProject
		{93B89BF6-32B9-4EBA-AA44-BCFEC4836B76} = {93B89BF6-32B9-4EBA-AA44-BCFEC4836B76}
	EndProjectSection
EndProject
Project("{8BC9CEB8-8B4A-11D0-8D11-00A0C91BC942}") = "CLKeySearchDevice", "CLKeySearchDevice\CLKeySearchDevice.vcxproj", "{546C8D1F-127F-4EF4-914F-2A7F9367C0F9}"
EndProject
Project("{8BC9CEB8-8B4A-11D0-8D11-00A0C91BC942}") = "clKeyFinder", "clKeyFinder\clKeyFinder.vcxproj", "{36400E8D-3D04-430C-90A4-FC989E460B3C}"
	ProjectSection(ProjectDependencies) = postProject
		{53EE0C03-4419-4767-A91B-7FC7D4B3D2AA} = {53EE0C03-4419-4767-A91B-7FC7D4B3D2AA}
		{150AF404-1F80-4A13-855B-4383C4A3326F} = {150AF404-1F80-4A13-855B-4383C4A3326F}
		{546C8D1F-127F-4EF4-914F-2A7F9367C0F9} = {546C8D1F-127F-4EF4-914F-2A7F9367C0F9}
		{83327841-C283-4D46-A873-97AC674C68AC} = {83327841-C283-4D46-A873-97AC674C68AC}
		{34042455-D274-432D-9134-C9EA41FD1B54} = {34042455-D274-432D-9134-C9EA41FD1B54}
		{93B89BF6-32B9-4EBA-AA44-BCFEC4836B76} = {93B89BF6-32B9-4EBA-AA44-BCFEC4836B76}
		{BFF4B5FE-C2C5-4384-8941-CD6CB29E78C6} = {BFF4B5FE-C2C5-4384-8941-CD6CB29E78C6}
	EndProjectSection
EndProject
Project("{8BC9CEB8-8B4A-11D0-8D11-00A0C91BC942}") = "clMath", "clMath\clMath.vcxproj", "{83327841-C283-4D46-A873-97AC674C68AC}"
EndProject
Project("{8BC9CEB8-8B4A-11D0-8D11-00A0C91BC942}") = "CmdParse", "CmdParse\CmdParse.vcxproj", "{F7037134-28C5-4EB9-BE5D-587E79A40628}"
EndProject
Global
	GlobalSection(SolutionConfigurationPlatforms) = preSolution
		Debug|x64 = Debug|x64
		Debug|x86 = Debug|x86
		Performance Release|x64 = Performance Release|x64
		Performance Release|x86 = Performance Release|x86
		Release|x64 = Release|x64
		Release|x86 = Release|x86
	EndGlobalSection
	GlobalSection(ProjectConfigurationPlatforms) = postSolution
		{BFF4B5FE-C2C5-4384-8941-CD6CB29E78C6}.Debug|x64.ActiveCfg = Debug|x64
		{BFF4B5FE-C2C5-4384-8941-CD6CB29E78C6}.Debug|x64.Build.0 = Debug|x64
		{BFF4B5FE-C2C5-4384-8941-CD6CB29E78C6}.Debug|x86.ActiveCfg = Debug|Win32
		{BFF4B5FE-C2C5-4384-8941-CD6CB29E78C6}.Debug|x86.Build.0 = Debug|Win32
		{BFF4B5FE-C2C5-4384-8941-CD6CB29E78C6}.Performance Release|x64.ActiveCfg = Performance Release|x64
		{BFF4B5FE-C2C5-4384-8941-CD6CB29E78C6}.Performance Release|x64.Build.0 = Performance Release|x64
		{BFF4B5FE-C2C5-4384-8941-CD6CB29E78C6}.Performance Release|x86.ActiveCfg = Performance Release|Win32
		{BFF4B5FE-C2C5-4384-8941-CD6CB29E78C6}.Release|x64.ActiveCfg = Release|x64
		{BFF4B5FE-C2C5-4384-8941-CD6CB29E78C6}.Release|x64.Build.0 = Release|x64
		{BFF4B5FE-C2C5-4384-8941-CD6CB29E78C6}.Release|x86.ActiveCfg = Release|Win32
		{BFF4B5FE-C2C5-4384-8941-CD6CB29E78C6}.Release|x86.Build.0 = Release|Win32
		{93B89BF6-32B9-4EBA-AA44-BCFEC4836B76}.Debug|x64.ActiveCfg = Debug|x64
		{93B89BF6-32B9-4EBA-AA44-BCFEC4836B76}.Debug|x64.Build.0 = Debug|x64
		{93B89BF6-32B9-4EBA-AA44-BCFEC4836B76}.Debug|x86.ActiveCfg = Debug|Win32
		{93B89BF6-32B9-4EBA-AA44-BCFEC4836B76}.Debug|x86.Build.0 = Debug|Win32
		{93B89BF6-32B9-4EBA-AA44-BCFEC4836B76}.Performance Release|x64.ActiveCfg = Performance Release|x64
		{93B89BF6-32B9-4EBA-AA44-BCFEC4836B76}.Performance Release|x64.Build.0 = Performance Release|x64
		{93B89BF6-32B9-4EBA-AA44-BCFEC4836B76}.Performance Release|x86.ActiveCfg = Performance Release|Win32
		{93B89BF6-32B9-4EBA-AA44-BCFEC4836B76}.Release|x64.ActiveCfg = Release|x64
		{93B89BF6-32B9-4EBA-AA44-BCFEC4836B76}.Release|x64.Build.0 = Release|x64
		{93B89BF6-32B9-4EBA-AA44-BCFEC4836B76}.Release|x86.ActiveCfg = Release|Win32
		{93B89BF6-32B9-4EBA-AA44-BCFEC4836B76}.Release|x86.Build.0 = Release|Win32
		{34042455-D274-432D-9134-C9EA41FD1B54}.Debug|x64.ActiveCfg = Debug|x64
		{34042455-D274-432D-9134-C9EA41FD1B54}.Debug|x64.Build.0 = Debug|x64
		{34042455-D274-432D-9134-C9EA41FD1B54}.Debug|x86.ActiveCfg = Debug|Win32
		{34042455-D274-432D-9134-C9EA41FD1B54}.Debug|x86.Build.0 = Debug|Win32
		{34042455-D274-432D-9134-C9EA41FD1B54}.Performance Release|x64.ActiveCfg = Performance Release|x64
		{34042455-D274-432D-9134-C9EA41FD1B54}.Performance Release|x64.Build.0 = Performance Release|x64
		{34042455-D274-432D-9134-C9EA41FD1B54}.Performance Release|x86.ActiveCfg = Performance Release|Win32
		{34042455-D274-432D-9134-C9EA41FD1B54}.Release|x64.ActiveCfg = Release|x64
		{34042455-D274-432D-9134-C9EA41FD1B54}.Release|x64.Build.0 = Release|x64
		{34042455-D274-432D-9134-C9EA41FD1B54}.Release|x86.ActiveCfg = Release|Win32
		{34042455-D274-432D-9134-C9EA41FD1B54}.Release|x86.Build.0 = Release|Win32
		{CA46856A-1D1E-4F6F-A69C-6707D540BF36}.Debug|x64.ActiveCfg = Debug|x64
		{CA46856A-1D1E-4F6F-A69C-6707D540BF36}.Debug|x64.Build.0 = Debug|x64
		{CA46856A-1D1E-4F6F-A69C-6707D540BF36}.Debug|x86.ActiveCfg = Debug|Win32
		{CA46856A-1D1E-4F6F-A69C-6707D540BF36}.Debug|x86.Build.0 = Debug|Win32
		{CA46856A-1D1E-4F6F-A69C-6707D540BF36}.Performance Release|x64.ActiveCfg = Performance Release|x64
		{CA46856A-1D1E-4F6F-A69C-6707D540BF36}.Performance Release|x64.Build.0 = Performance Release|x64
		{CA46856A-1D1E-4F6F-A69C-6707D540BF36}.Performance Release|x86.ActiveCfg = Performance Release|Win32
		{CA46856A-1D1E-4F6F-A69C-6707D540BF36}.Release|x64.ActiveCfg = Release|x64
		{CA46856A-1D1E-4F6F-A69C-6707D540BF36}.Release|x64.Build.0 = Release|x64
		{CA46856A-1D1E-4F6F-A69C-6707D540BF36}.Release|x86.ActiveCfg = Release|Win32
		{CA46856A-1D1E-4F6F-A69C-6707D540BF36}.Release|x86.Build.0 = Release|Win32
		{150AF404-1F80-4A13-855B-4383C4A3326F}.Debug|x64.ActiveCfg = Debug|x64
		{150AF404-1F80-4A13-855B-4383C4A3326F}.Debug|x64.Build.0 = Debug|x64
		{150AF404-1F80-4A13-855B-4383C4A3326F}.Debug|x86.ActiveCfg = Debug|Win32
		{150AF404-1F80-4A13-855B-4383C4A3326F}.Debug|x86.Build.0 = Debug|Win32
		{150AF404-1F80-4A13-855B-4383C4A3326F}.Performance Release|x64.ActiveCfg = Performance Release|x64
		{150AF404-1F80-4A13-855B-4383C4A3326F}.Performance Release|x64.Build.0 = Performance Release|x64
		{150AF404-1F80-4A13-855B-4383C4A3326F}.Performance Release|x86.ActiveCfg = Performance Release|Win32
		{150AF404-1F80-4A13-855B-4383C4A3326F}.Release|x64.ActiveCfg = Release|x64
		{150AF404-1F80-4A13-855B-4383C4A3326F}.Release|x64.Build.0 = Release|x64
		{150AF404-1F80-4A13-855B-4383C4A3326F}.Release|x86.ActiveCfg = Release|Win32
		{150AF404-1F80-4A13-855B-4383C4A3326F}.Release|x86.Build.0 = Release|Win32
		{53EE0C03-4419-4767-A91B-7FC7D4B3D2AA}.Debug|x64.ActiveCfg = Debug|x64
		{53EE0C03-4419-4767-A91B-7FC7D4B3D2AA}.Debug|x64.Build.0 = Debug|x64
		{53EE0C03-4419-4767-A91B-7FC7D4B3D2AA}.Debug|x86.ActiveCfg = Debug|x64
		{53EE0C03-4419-4767-A91B-7FC7D4B3D2AA}.Performance Release|x64.ActiveCfg = Performance Release|x64
		{53EE0C03-4419-4767-A91B-7FC7D4B3D2AA}.Performance Release|x64.Build.0 = Performance Release|x64
		{53EE0C03-4419-4767-A91B-7FC7D4B3D2AA}.Performance Release|x86.ActiveCfg = Performance Release|x64
		{53EE0C03-4419-4767-A91B-7FC7D4B3D2AA}.Release|x64.ActiveCfg = Release|x64
		{53EE0C03-4419-4767-A91B-7FC7D4B3D2AA}.Release|x64.Build.0 = Release|x64
		{53EE0C03-4419-4767-A91B-7FC7D4B3D2AA}.Release|x86.ActiveCfg = Release|x64
		{D9A5823D-C472-40AC-B23A-21B1586CEEB0}.Debug|x64.ActiveCfg = Debug|x64
		{D9A5823D-C472-40AC-B23A-21B1586CEEB0}.Debug|x64.Build.0 = Debug|x64
		{D9A5823D-C472-40AC-B23A-21B1586CEEB0}.Debug|x86.ActiveCfg = Debug|Win32
		{D9A5823D-C472-40AC-B23A-21B1586CEEB0}.Debug|x86.Build.0 = Debug|Win32
		{D9A5823D-C472-40AC-B23A-21B1586CEEB0}.Performance Release|x64.ActiveCfg = Performance Release|x64
		{D9A5823D-C472-40AC-B23A-21B1586CEEB0}.Performance Release|x64.Build.0 = Performance Release|x64
		{D9A5823D-C472-40AC-B23A-21B1586CEEB0}.Performance Release|x86.ActiveCfg = Performance Release|Win32
		{D9A5823D-C472-40AC-B23A-21B1586CEEB0}.Release|x64.ActiveCfg = Release|x64
		{D9A5823D-C472-40AC-B23A-21B1586CEEB0}.Release|x64.Build.0 = Release|x64
		{D9A5823D-C472-40AC-B23A-21B1586CEEB0}.Release|x86.ActiveCfg = Release|Win32
		{D9A5823D-C472-40AC-B23A-21B1586CEEB0}.Release|x86.Build.0 = Release|Win32
		{546C8D1F-127F-4EF4-914F-2A7F9367C0F9}.Debug|x64.ActiveCfg = Debug|x64
		{546C8D1F-127F-4EF4-914F-2A7F9367C0F9}.Debug|x64.Build.0 = Debug|x64
		{546C8D1F-127F-4EF4-914F-2A7F9367C0F9}.Debug|x86.ActiveCfg = Debug|Win32
		{546C8D1F-127F-4EF4-914F-2A7F9367C0F9}.Debug|x86.Build.0 = Debug|Win32
		{546C8D1F-127F-4EF4-914F-2A7F9367C0F9}.Performance Release|x64.ActiveCfg = Performance Release|x64
		{546C8D1F-127F-4EF4-914F-2A7F9367C0F9}.Performance Release|x64.Build.0 = Performance Release|x64
		{546C8D1F-127F-4EF4-914F-2A7F9367C0F9}.Performance Release|x86.ActiveCfg = Performance Release|Win32
		{546C8D1F-127F-4EF4-914F-2A7F9367C0F9}.Release|x64.ActiveCfg = Release|x64
		{546C8D1F-127F-4EF4-914F-2A7F9367C0F9}.Release|x64.Build.0 = Release|x64
		{546C8D1F-127F-4EF4-914F-2A7F9367C0F9}.Release|x86.ActiveCfg = Release|Win32
		{546C8D1F-127F-4EF4-914F-2A7F9367C0F9}.Release|x86.Build.0 = Release|Win32
		{36400E8D-3D04-430C-90A4-FC989E460B3C}.Debug|x64.ActiveCfg = Debug|x64
		{36400E8D-3D04-430C-90A4-FC989E460B3C}.Debug|x64.Build.0 = Debug|x64
		{36400E8D-3D04-430C-90A4-FC989E460B3C}.Debug|x86.ActiveCfg = Debug|Win32
		{36400E8D-3D04-430C-90A4-FC989E460B3C}.Debug|x86.Build.0 = Debug|Win32
		{36400E8D-3D04-430C-90A4-FC989E460B3C}.Performance Release|x64.ActiveCfg = Performance Release|x64
		{36400E8D-3D04-430C-90A4-FC989E460B3C}.Performance Release|x64.Build.0 = Performance Release|x64
		{36400E8D-3D04-430C-90A4-FC989E460B3C}.Performance Release|x86.ActiveCfg = Performance Release|Win32
		{36400E8D-3D04-430C-90A4-FC989E460B3C}.Release|x64.ActiveCfg = Release|x64
		{36400E8D-3D04-430C-90A4-FC989E460B3C}.Release|x64.Build.0 = Release|x64
		{36400E8D-3D04-430C-90A4-FC989E460B3C}.Release|x86.ActiveCfg = Release|Win32
		{36400E8D-3D04-430C-90A4-FC989E460B3C}.Release|x86.Build.0 = Release|Win32
		{83327841-C283-4D46-A873-97AC674C68AC}.Debug|x64.ActiveCfg = Debug|x64
		{83327841-C283-4D46-A873-97AC674C68AC}.Debug|x64.Build.0 = Debug|x64
		{83327841-C283-4D46-A873-97AC674C68AC}.Debug|x86.ActiveCfg = Debug|Win32
		{83327841-C283-4D46-A873-97AC674C68AC}.Debug|x86.Build.0 = Debug|Win32
		{83327841-C283-4D46-A873-97AC674C68AC}.Performance Release|x64.ActiveCfg = Performance Release|x64
		{83327841-C283-4D46-A873-97AC674C68AC}.Performance Release|x64.Build.0 = Performance Release|x64
		{83327841-C283-4D46-A873-97AC674C68AC}.Performance Release|x86.ActiveCfg = Performance Release|Win32
		{83327841-C283-4D46-A873-97AC674C68AC}.Release|x64.ActiveCfg = Release|x64
		{83327841-C283-4D46-A873-97AC674C68AC}.Release|x64.Build.0 = Release|x64
		{83327841-C283-4D46-A873-97AC674C68AC}.Release|x86.ActiveCfg = Release|Win32
		{83327841-C283-4D46-A873-97AC674C68AC}.Release|x86.Build.0 = Release|Win32
		{F7037134-28C5-4EB9-BE5D-587E79A40628}.Debug|x64.ActiveCfg = Debug|x64
		{F7037134-28C5-4EB9-BE5D-587E79A40628}.Debug|x64.Build.0 = Debug|x64
		{F7037134-28C5-4EB9-BE5D-587E79A40628}.Debug|x86.ActiveCfg = Debug|Win32
		{F7037134-28C5-4EB9-BE5D-587E79A40628}.Debug|x86.Build.0 = Debug|Win32
		{F7037134-28C5-4EB9-BE5D-587E79A40628}.Performance Release|x64.ActiveCfg = Performance Release|x64
		{F7037134-28C5-4EB9-BE5D-587E79A40628}.Performance Release|x64.Build.0 = Performance Release|x64
		{F7037134-28C5-4EB9-BE5D-587E79A40628}.Performance Release|x86.ActiveCfg = Performance Release|Win32
		{F7037134-28C5-4EB9-BE5D-587E79A40628}.Release|x64.ActiveCfg = Release|x64
		{F7037134-28C5-4EB9-BE5D-587E79A40628}.Release|x64.Build.0 = Release|x64
		{F7037134-28C5-4EB9-BE5D-587E79A40628}.Release|x86.ActiveCfg = Release|Win32
		{F7037134-28C5-4EB9-BE5D-587E79A40628}.Release|x86.Build.0 = Release|Win32
	EndGlobalSection
	GlobalSection(SolutionProperties) = preSolution
		HideSolutionNode = FALSE
	EndGlobalSection
	GlobalSection(ExtensibilityGlobals) = postSolution
		SolutionGuid = {38EEE379-8362-4958-B1BD-39CECB0030F6}
	EndGlobalSection
EndGlobal
