
Microsoft Visual Studio Solution File, Format Version 12.00
# Visual Studio 14
VisualStudioVersion = 14.0.25420.1
MinimumVisualStudioVersion = 10.0.40219.1
Project("{8BC9CEB8-8B4A-11D0-8D11-00A0C91BC942}") = "secp256k1lib", "secp256k1lib\secp256k1lib.vcxproj", "{BFF4B5FE-C2C5-4384-8941-CD6CB29E78C6}"
EndProject
Project("{8BC9CEB8-8B4A-11D0-8D11-00A0C91BC942}") = "CmdParse", "CmdParse\CmdParse.vcxproj", "{F7037134-28C5-4EB9-BE5D-587E79A40628}"
EndProject
Project("{8BC9CEB8-8B4A-11D0-8D11-00A0C91BC942}") = "cudaDeviceContext", "cudaDeviceContext\cudaDeviceContext.vcxproj", "{129C2B98-BABF-4E50-B7D7-E885774DF4A9}"
EndProject
Project("{8BC9CEB8-8B4A-11D0-8D11-00A0C91BC942}") = "util", "util\util.vcxproj", "{93B89BF6-32B9-4EBA-AA44-BCFEC4836B76}"
EndProject
Project("{8BC9CEB8-8B4A-11D0-8D11-00A0C91BC942}") = "AddressUtil", "AddressUtil\AddressUtil.vcxproj", "{34042455-D274-432D-9134-C9EA41FD1B54}"
EndProject
Project("{8BC9CEB8-8B4A-11D0-8D11-00A0C91BC942}") = "cudaMath", "cudaMath\cudaMath.vcxproj", "{2723CBF4-9E08-4E13-A31B-30757EDD8DB7}"
EndProject
Project("{8BC9CEB8-8B4A-11D0-8D11-00A0C91BC942}") = "KeyFinder", "KeyFinder\KeyFinder.vcxproj", "{D77642A9-365C-420C-A726-469649D2927E}"
	ProjectSection(ProjectDependencies) = postProject
		{10326A77-D6FF-49F1-93CE-35991555DD29} = {10326A77-D6FF-49F1-93CE-35991555DD29}
	EndProjectSection
EndProject
Project("{8BC9CEB8-8B4A-11D0-8D11-00A0C91BC942}") = "AddrGen", "AddrGen\AddrGen.vcxproj", "{7AE5E38D-5731-404E-A4F3-229ADF981EFC}"
	ProjectSection(ProjectDependencies) = postProject
		{34042455-D274-432D-9134-C9EA41FD1B54} = {34042455-D274-432D-9134-C9EA41FD1B54}
		{BFF4B5FE-C2C5-4384-8941-CD6CB29E78C6} = {BFF4B5FE-C2C5-4384-8941-CD6CB29E78C6}
	EndProjectSection
EndProject
Project("{8BC9CEB8-8B4A-11D0-8D11-00A0C91BC942}") = "KeyFinderLib", "KeyFinderLib\KeyFinderLib.vcxproj", "{10326A77-D6FF-49F1-93CE-35991555DD29}"
EndProject
Project("{8BC9CEB8-8B4A-11D0-8D11-00A0C91BC942}") = "cudaUtil", "cudaUtil\cudaUtil.vcxproj", "{EADAAA54-E304-4656-8263-E5E688FF323D}"
EndProject
Project("{8BC9CEB8-8B4A-11D0-8D11-00A0C91BC942}") = "CryptoUtil", "CryptoUtil\CryptoUtil.vcxproj", "{CA46856A-1D1E-4F6F-A69C-6707D540BF36}"
EndProject
Project("{8BC9CEB8-8B4A-11D0-8D11-00A0C91BC942}") = "cudaInfo", "cudaInfo\cudaInfo.vcxproj", "{01FE6B24-6652-42D5-8C19-CCF11627856F}"
EndProject
Global
	GlobalSection(SolutionConfigurationPlatforms) = preSolution
		Debug|x64 = Debug|x64
		Debug|x86 = Debug|x86
		Release|x64 = Release|x64
		Release|x86 = Release|x86
	EndGlobalSection
	GlobalSection(ProjectConfigurationPlatforms) = postSolution
		{BFF4B5FE-C2C5-4384-8941-CD6CB29E78C6}.Debug|x64.ActiveCfg = Debug|x64
		{BFF4B5FE-C2C5-4384-8941-CD6CB29E78C6}.Debug|x64.Build.0 = Debug|x64
		{BFF4B5FE-C2C5-4384-8941-CD6CB29E78C6}.Debug|x86.ActiveCfg = Debug|Win32
		{BFF4B5FE-C2C5-4384-8941-CD6CB29E78C6}.Debug|x86.Build.0 = Debug|Win32
		{BFF4B5FE-C2C5-4384-8941-CD6CB29E78C6}.Release|x64.ActiveCfg = Release|x64
		{BFF4B5FE-C2C5-4384-8941-CD6CB29E78C6}.Release|x64.Build.0 = Release|x64
		{BFF4B5FE-C2C5-4384-8941-CD6CB29E78C6}.Release|x86.ActiveCfg = Release|Win32
		{BFF4B5FE-C2C5-4384-8941-CD6CB29E78C6}.Release|x86.Build.0 = Release|Win32
		{F7037134-28C5-4EB9-BE5D-587E79A40628}.Debug|x64.ActiveCfg = Debug|x64
		{F7037134-28C5-4EB9-BE5D-587E79A40628}.Debug|x64.Build.0 = Debug|x64
		{F7037134-28C5-4EB9-BE5D-587E79A40628}.Debug|x86.ActiveCfg = Debug|Win32
		{F7037134-28C5-4EB9-BE5D-587E79A40628}.Debug|x86.Build.0 = Debug|Win32
		{F7037134-28C5-4EB9-BE5D-587E79A40628}.Release|x64.ActiveCfg = Release|x64
		{F7037134-28C5-4EB9-BE5D-587E79A40628}.Release|x64.Build.0 = Release|x64
		{F7037134-28C5-4EB9-BE5D-587E79A40628}.Release|x86.ActiveCfg = Release|Win32
		{F7037134-28C5-4EB9-BE5D-587E79A40628}.Release|x86.Build.0 = Release|Win32
		{129C2B98-BABF-4E50-B7D7-E885774DF4A9}.Debug|x64.ActiveCfg = Debug|x64
		{129C2B98-BABF-4E50-B7D7-E885774DF4A9}.Debug|x64.Build.0 = Debug|x64
		{129C2B98-BABF-4E50-B7D7-E885774DF4A9}.Debug|x86.ActiveCfg = Debug|Win32
		{129C2B98-BABF-4E50-B7D7-E885774DF4A9}.Debug|x86.Build.0 = Debug|Win32
		{129C2B98-BABF-4E50-B7D7-E885774DF4A9}.Release|x64.ActiveCfg = Release|x64
		{129C2B98-BABF-4E50-B7D7-E885774DF4A9}.Release|x64.Build.0 = Release|x64
		{129C2B98-BABF-4E50-B7D7-E885774DF4A9}.Release|x86.ActiveCfg = Release|Win32
		{129C2B98-BABF-4E50-B7D7-E885774DF4A9}.Release|x86.Build.0 = Release|Win32
		{93B89BF6-32B9-4EBA-AA44-BCFEC4836B76}.Debug|x64.ActiveCfg = Debug|x64
		{93B89BF6-32B9-4EBA-AA44-BCFEC4836B76}.Debug|x64.Build.0 = Debug|x64
		{93B89BF6-32B9-4EBA-AA44-BCFEC4836B76}.Debug|x86.ActiveCfg = Debug|Win32
		{93B89BF6-32B9-4EBA-AA44-BCFEC4836B76}.Debug|x86.Build.0 = Debug|Win32
		{93B89BF6-32B9-4EBA-AA44-BCFEC4836B76}.Release|x64.ActiveCfg = Release|x64
		{93B89BF6-32B9-4EBA-AA44-BCFEC4836B76}.Release|x64.Build.0 = Release|x64
		{93B89BF6-32B9-4EBA-AA44-BCFEC4836B76}.Release|x86.ActiveCfg = Release|Win32
		{93B89BF6-32B9-4EBA-AA44-BCFEC4836B76}.Release|x86.Build.0 = Release|Win32
		{34042455-D274-432D-9134-C9EA41FD1B54}.Debug|x64.ActiveCfg = Debug|x64
		{34042455-D274-432D-9134-C9EA41FD1B54}.Debug|x64.Build.0 = Debug|x64
		{34042455-D274-432D-9134-C9EA41FD1B54}.Debug|x86.ActiveCfg = Debug|Win32
		{34042455-D274-432D-9134-C9EA41FD1B54}.Debug|x86.Build.0 = Debug|Win32
		{34042455-D274-432D-9134-C9EA41FD1B54}.Release|x64.ActiveCfg = Release|x64
		{34042455-D274-432D-9134-C9EA41FD1B54}.Release|x64.Build.0 = Release|x64
		{34042455-D274-432D-9134-C9EA41FD1B54}.Release|x86.ActiveCfg = Release|Win32
		{34042455-D274-432D-9134-C9EA41FD1B54}.Release|x86.Build.0 = Release|Win32
		{2723CBF4-9E08-4E13-A31B-30757EDD8DB7}.Debug|x64.ActiveCfg = Debug|x64
		{2723CBF4-9E08-4E13-A31B-30757EDD8DB7}.Debug|x64.Build.0 = Debug|x64
		{2723CBF4-9E08-4E13-A31B-30757EDD8DB7}.Debug|x86.ActiveCfg = Debug|Win32
		{2723CBF4-9E08-4E13-A31B-30757EDD8DB7}.Debug|x86.Build.0 = Debug|Win32
		{2723CBF4-9E08-4E13-A31B-30757EDD8DB7}.Release|x64.ActiveCfg = Release|x64
		{2723CBF4-9E08-4E13-A31B-30757EDD8DB7}.Release|x64.Build.0 = Release|x64
		{2723CBF4-9E08-4E13-A31B-30757EDD8DB7}.Release|x86.ActiveCfg = Release|Win32
		{2723CBF4-9E08-4E13-A31B-30757EDD8DB7}.Release|x86.Build.0 = Release|Win32
		{D77642A9-365C-420C-A726-469649D2927E}.Debug|x64.ActiveCfg = Debug|x64
		{D77642A9-365C-420C-A726-469649D2927E}.Debug|x64.Build.0 = Debug|x64
		{D77642A9-365C-420C-A726-469649D2927E}.Debug|x86.ActiveCfg = Debug|Win32
		{D77642A9-365C-420C-A726-469649D2927E}.Debug|x86.Build.0 = Debug|Win32
		{D77642A9-365C-420C-A726-469649D2927E}.Release|x64.ActiveCfg = Release|x64
		{D77642A9-365C-420C-A726-469649D2927E}.Release|x64.Build.0 = Release|x64
		{D77642A9-365C-420C-A726-469649D2927E}.Release|x86.ActiveCfg = Release|Win32
		{D77642A9-365C-420C-A726-469649D2927E}.Release|x86.Build.0 = Release|Win32
		{7AE5E38D-5731-404E-A4F3-229ADF981EFC}.Debug|x64.ActiveCfg = Debug|x64
		{7AE5E38D-5731-404E-A4F3-229ADF981EFC}.Debug|x64.Build.0 = Debug|x64
		{7AE5E38D-5731-404E-A4F3-229ADF981EFC}.Debug|x86.ActiveCfg = Debug|Win32
		{7AE5E38D-5731-404E-A4F3-229ADF981EFC}.Debug|x86.Build.0 = Debug|Win32
		{7AE5E38D-5731-404E-A4F3-229ADF981EFC}.Release|x64.ActiveCfg = Release|x64
		{7AE5E38D-5731-404E-A4F3-229ADF981EFC}.Release|x64.Build.0 = Release|x64
		{7AE5E38D-5731-404E-A4F3-229ADF981EFC}.Release|x86.ActiveCfg = Release|Win32
		{7AE5E38D-5731-404E-A4F3-229ADF981EFC}.Release|x86.Build.0 = Release|Win32
		{10326A77-D6FF-49F1-93CE-35991555DD29}.Debug|x64.ActiveCfg = Debug|x64
		{10326A77-D6FF-49F1-93CE-35991555DD29}.Debug|x64.Build.0 = Debug|x64
		{10326A77-D6FF-49F1-93CE-35991555DD29}.Debug|x86.ActiveCfg = Debug|Win32
		{10326A77-D6FF-49F1-93CE-35991555DD29}.Debug|x86.Build.0 = Debug|Win32
		{10326A77-D6FF-49F1-93CE-35991555DD29}.Release|x64.ActiveCfg = Release|x64
		{10326A77-D6FF-49F1-93CE-35991555DD29}.Release|x64.Build.0 = Release|x64
		{10326A77-D6FF-49F1-93CE-35991555DD29}.Release|x86.ActiveCfg = Release|Win32
		{10326A77-D6FF-49F1-93CE-35991555DD29}.Release|x86.Build.0 = Release|Win32
		{EADAAA54-E304-4656-8263-E5E688FF323D}.Debug|x64.ActiveCfg = Debug|x64
		{EADAAA54-E304-4656-8263-E5E688FF323D}.Debug|x64.Build.0 = Debug|x64
		{EADAAA54-E304-4656-8263-E5E688FF323D}.Debug|x86.ActiveCfg = Debug|Win32
		{EADAAA54-E304-4656-8263-E5E688FF323D}.Debug|x86.Build.0 = Debug|Win32
		{EADAAA54-E304-4656-8263-E5E688FF323D}.Release|x64.ActiveCfg = Release|x64
		{EADAAA54-E304-4656-8263-E5E688FF323D}.Release|x64.Build.0 = Release|x64
		{EADAAA54-E304-4656-8263-E5E688FF323D}.Release|x86.ActiveCfg = Release|Win32
		{EADAAA54-E304-4656-8263-E5E688FF323D}.Release|x86.Build.0 = Release|Win32
		{CA46856A-1D1E-4F6F-A69C-6707D540BF36}.Debug|x64.ActiveCfg = Debug|x64
		{CA46856A-1D1E-4F6F-A69C-6707D540BF36}.Debug|x64.Build.0 = Debug|x64
		{CA46856A-1D1E-4F6F-A69C-6707D540BF36}.Debug|x86.ActiveCfg = Debug|Win32
		{CA46856A-1D1E-4F6F-A69C-6707D540BF36}.Debug|x86.Build.0 = Debug|Win32
		{CA46856A-1D1E-4F6F-A69C-6707D540BF36}.Release|x64.ActiveCfg = Release|x64
		{CA46856A-1D1E-4F6F-A69C-6707D540BF36}.Release|x64.Build.0 = Release|x64
		{CA46856A-1D1E-4F6F-A69C-6707D540BF36}.Release|x86.ActiveCfg = Release|Win32
		{CA46856A-1D1E-4F6F-A69C-6707D540BF36}.Release|x86.Build.0 = Release|Win32
		{01FE6B24-6652-42D5-8C19-CCF11627856F}.Debug|x64.ActiveCfg = Debug|x64
		{01FE6B24-6652-42D5-8C19-CCF11627856F}.Debug|x64.Build.0 = Debug|x64
		{01FE6B24-6652-42D5-8C19-CCF11627856F}.Debug|x86.ActiveCfg = Debug|Win32
		{01FE6B24-6652-42D5-8C19-CCF11627856F}.Debug|x86.Build.0 = Debug|Win32
		{01FE6B24-6652-42D5-8C19-CCF11627856F}.Release|x64.ActiveCfg = Release|x64
		{01FE6B24-6652-42D5-8C19-CCF11627856F}.Release|x64.Build.0 = Release|x64
		{01FE6B24-6652-42D5-8C19-CCF11627856F}.Release|x86.ActiveCfg = Release|Win32
		{01FE6B24-6652-42D5-8C19-CCF11627856F}.Release|x86.Build.0 = Release|Win32
	EndGlobalSection
	GlobalSection(SolutionProperties) = preSolution
		HideSolutionNode = FALSE
	EndGlobalSection
EndGlobal
